Microsoft Visual Studio Solution File, Format Version 12.00
# Visual Studio 14
Project("{2150E333-8FDC-42A3-9474-1A3956D46DE8}") = "CMakePredefinedTargets", "CMakePredefinedTargets", "{39C0FA0C-7B0A-315B-A0D2-97CF3C2C94C2}"
EndProject
Project("{2150E333-8FDC-42A3-9474-1A3956D46DE8}") = "GLFW3", "GLFW3", "{3DB148D2-90BD-3822-AA1B-FC02C020199E}"
EndProject
Project("{2150E333-8FDC-42A3-9474-1A3956D46DE8}") = "Examples", "GLFW3\Examples", "{33968ECE-239A-33E1-8CF1-49FCA9170B56}"
EndProject
Project("{2150E333-8FDC-42A3-9474-1A3956D46DE8}") = "Tests", "GLFW3\Tests", "{904FDE7A-91A7-38A1-A089-F97F8AB7D153}"
EndProject
Project("{8BC9CEB8-8B4A-11D0-8D11-00A0C91BC942}") = "ALL_BUILD", "ALL_BUILD.vcxproj", "{7B3BDCFE-F74D-3A8A-9666-1AE407482519}"
	ProjectSection(ProjectDependencies) = postProject
		{47AFC20B-FF55-3890-8E9C-44066427938C} = {47AFC20B-FF55-3890-8E9C-44066427938C}
		{FEA4F80F-3596-379E-8B72-107EC0A51502} = {FEA4F80F-3596-379E-8B72-107EC0A51502}
		{2C61F8F1-D778-3AC0-9406-A778010F715F} = {2C61F8F1-D778-3AC0-9406-A778010F715F}
		{CAE8F20D-A821-3B4A-82D9-99DF08C5AFC7} = {CAE8F20D-A821-3B4A-82D9-99DF08C5AFC7}
		{463060E2-DCF8-34C3-9947-42E4A03D9CD4} = {463060E2-DCF8-34C3-9947-42E4A03D9CD4}
		{DCADA0F5-2539-395A-AF5A-9BB2A23FD6C4} = {DCADA0F5-2539-395A-AF5A-9BB2A23FD6C4}
		{73CCE827-3729-37AA-AFBC-64862737B06E} = {73CCE827-3729-37AA-AFBC-64862737B06E}
		{64BA2EC9-6FBB-3E03-85BD-8C7337A195CD} = {64BA2EC9-6FBB-3E03-85BD-8C7337A195CD}
		{4CEDC8AB-0CFD-3AB1-B84C-152E0723A771} = {4CEDC8AB-0CFD-3AB1-B84C-152E0723A771}
		{0B105C0C-3EFC-3F18-B226-A923190449C6} = {0B105C0C-3EFC-3F18-B226-A923190449C6}
		{4177632D-060F-370F-8F8A-803CA91EF0C2} = {4177632D-060F-370F-8F8A-803CA91EF0C2}
		{6DDEACB4-F2A5-3667-9B76-4DAE0556A353} = {6DDEACB4-F2A5-3667-9B76-4DAE0556A353}
		{F9DF4ABC-9C1F-3A49-A5D2-EE695D60002E} = {F9DF4ABC-9C1F-3A49-A5D2-EE695D60002E}
		{6DF92B3F-FBA5-3386-93D1-B7F6ACCE8E59} = {6DF92B3F-FBA5-3386-93D1-B7F6ACCE8E59}
		{314909C7-755D-349F-AC3A-23B87FDC3026} = {314909C7-755D-349F-AC3A-23B87FDC3026}
		{F0C0A00D-2E25-3ED0-8D18-AF530E706C32} = {F0C0A00D-2E25-3ED0-8D18-AF530E706C32}
		{FA5EAA61-A007-3887-95B2-C8DE9EFBC023} = {FA5EAA61-A007-3887-95B2-C8DE9EFBC023}
		{C0ACCCFF-833F-3A79-9345-50BBC71807C9} = {C0ACCCFF-833F-3A79-9345-50BBC71807C9}
		{8F0417CC-E0AC-34AC-BC1D-CFF18DE61BF5} = {8F0417CC-E0AC-34AC-BC1D-CFF18DE61BF5}
		{9D0231C9-1A1A-30D8-9C46-7314B25F44C7} = {9D0231C9-1A1A-30D8-9C46-7314B25F44C7}
		{7A7A0678-42DD-3E9A-BBA2-05F9641BC96F} = {7A7A0678-42DD-3E9A-BBA2-05F9641BC96F}
		{C8038B05-DA6F-3162-A5CC-EF8BDF899402} = {C8038B05-DA6F-3162-A5CC-EF8BDF899402}
		{785F76F9-8C1E-3D32-A253-BA5EFE14B008} = {785F76F9-8C1E-3D32-A253-BA5EFE14B008}
		{E1E471D8-CB22-3B23-900B-9E10B5A46D12} = {E1E471D8-CB22-3B23-900B-9E10B5A46D12}
		{1E9E3F96-A337-36DB-A055-B8FB3D90AD81} = {1E9E3F96-A337-36DB-A055-B8FB3D90AD81}
		{0E0F3FDE-B2AD-3D90-92D5-E0DE2F08D240} = {0E0F3FDE-B2AD-3D90-92D5-E0DE2F08D240}
		{7AAC99AD-4E86-3CA4-A590-54B5BAADA298} = {7AAC99AD-4E86-3CA4-A590-54B5BAADA298}
		{3255EAD5-01A7-396C-8923-49B8B81BD7A2} = {3255EAD5-01A7-396C-8923-49B8B81BD7A2}
		{647723D9-4AC0-3454-AE77-DDF05D2FEEAB} = {647723D9-4AC0-3454-AE77-DDF05D2FEEAB}
		{9E8FDDC2-61F0-3F57-B972-5D7BB322E1C2} = {9E8FDDC2-61F0-3F57-B972-5D7BB322E1C2}
		{E2D1D1D5-8AFC-3FAA-B312-2492B956B503} = {E2D1D1D5-8AFC-3FAA-B312-2492B956B503}
	EndProjectSection
EndProject
Project("{8BC9CEB8-8B4A-11D0-8D11-00A0C91BC942}") = "INSTALL", "INSTALL.vcxproj", "{1728E2F5-109C-326B-A374-EFE245EC6E41}"
	ProjectSection(ProjectDependencies) = postProject
		{7B3BDCFE-F74D-3A8A-9666-1AE407482519} = {7B3BDCFE-F74D-3A8A-9666-1AE407482519}
		{47AFC20B-FF55-3890-8E9C-44066427938C} = {47AFC20B-FF55-3890-8E9C-44066427938C}
	EndProjectSection
EndProject
Project("{8BC9CEB8-8B4A-11D0-8D11-00A0C91BC942}") = "ZERO_CHECK", "ZERO_CHECK.vcxproj", "{47AFC20B-FF55-3890-8E9C-44066427938C}"
	ProjectSection(ProjectDependencies) = postProject
	EndProjectSection
EndProject
Project("{8BC9CEB8-8B4A-11D0-8D11-00A0C91BC942}") = "boing", "examples\boing.vcxproj", "{FEA4F80F-3596-379E-8B72-107EC0A51502}"
	ProjectSection(ProjectDependencies) = postProject
		{47AFC20B-FF55-3890-8E9C-44066427938C} = {47AFC20B-FF55-3890-8E9C-44066427938C}
		{4CEDC8AB-0CFD-3AB1-B84C-152E0723A771} = {4CEDC8AB-0CFD-3AB1-B84C-152E0723A771}
	EndProjectSection
EndProject
Project("{8BC9CEB8-8B4A-11D0-8D11-00A0C91BC942}") = "clipboard", "tests\clipboard.vcxproj", "{2C61F8F1-D778-3AC0-9406-A778010F715F}"
	ProjectSection(ProjectDependencies) = postProject
		{47AFC20B-FF55-3890-8E9C-44066427938C} = {47AFC20B-FF55-3890-8E9C-44066427938C}
		{4CEDC8AB-0CFD-3AB1-B84C-152E0723A771} = {4CEDC8AB-0CFD-3AB1-B84C-152E0723A771}
	EndProjectSection
EndProject
Project("{8BC9CEB8-8B4A-11D0-8D11-00A0C91BC942}") = "cursor", "tests\cursor.vcxproj", "{CAE8F20D-A821-3B4A-82D9-99DF08C5AFC7}"
	ProjectSection(ProjectDependencies) = postProject
		{47AFC20B-FF55-3890-8E9C-44066427938C} = {47AFC20B-FF55-3890-8E9C-44066427938C}
		{4CEDC8AB-0CFD-3AB1-B84C-152E0723A771} = {4CEDC8AB-0CFD-3AB1-B84C-152E0723A771}
	EndProjectSection
EndProject
Project("{8BC9CEB8-8B4A-11D0-8D11-00A0C91BC942}") = "empty", "tests\empty.vcxproj", "{463060E2-DCF8-34C3-9947-42E4A03D9CD4}"
	ProjectSection(ProjectDependencies) = postProject
		{47AFC20B-FF55-3890-8E9C-44066427938C} = {47AFC20B-FF55-3890-8E9C-44066427938C}
		{4CEDC8AB-0CFD-3AB1-B84C-152E0723A771} = {4CEDC8AB-0CFD-3AB1-B84C-152E0723A771}
	EndProjectSection
EndProject
Project("{8BC9CEB8-8B4A-11D0-8D11-00A0C91BC942}") = "events", "tests\events.vcxproj", "{DCADA0F5-2539-395A-AF5A-9BB2A23FD6C4}"
	ProjectSection(ProjectDependencies) = postProject
		{47AFC20B-FF55-3890-8E9C-44066427938C} = {47AFC20B-FF55-3890-8E9C-44066427938C}
		{4CEDC8AB-0CFD-3AB1-B84C-152E0723A771} = {4CEDC8AB-0CFD-3AB1-B84C-152E0723A771}
	EndProjectSection
EndProject
Project("{8BC9CEB8-8B4A-11D0-8D11-00A0C91BC942}") = "gamma", "tests\gamma.vcxproj", "{73CCE827-3729-37AA-AFBC-64862737B06E}"
	ProjectSection(ProjectDependencies) = postProject
		{47AFC20B-FF55-3890-8E9C-44066427938C} = {47AFC20B-FF55-3890-8E9C-44066427938C}
		{4CEDC8AB-0CFD-3AB1-B84C-152E0723A771} = {4CEDC8AB-0CFD-3AB1-B84C-152E0723A771}
	EndProjectSection
EndProject
Project("{8BC9CEB8-8B4A-11D0-8D11-00A0C91BC942}") = "gears", "examples\gears.vcxproj", "{64BA2EC9-6FBB-3E03-85BD-8C7337A195CD}"
	ProjectSection(ProjectDependencies) = postProject
		{47AFC20B-FF55-3890-8E9C-44066427938C} = {47AFC20B-FF55-3890-8E9C-44066427938C}
		{4CEDC8AB-0CFD-3AB1-B84C-152E0723A771} = {4CEDC8AB-0CFD-3AB1-B84C-152E0723A771}
	EndProjectSection
EndProject
Project("{8BC9CEB8-8B4A-11D0-8D11-00A0C91BC942}") = "glfw", "src\glfw.vcxproj", "{4CEDC8AB-0CFD-3AB1-B84C-152E0723A771}"
	ProjectSection(ProjectDependencies) = postProject
		{47AFC20B-FF55-3890-8E9C-44066427938C} = {47AFC20B-FF55-3890-8E9C-44066427938C}
	EndProjectSection
EndProject
Project("{8BC9CEB8-8B4A-11D0-8D11-00A0C91BC942}") = "glfwinfo", "tests\glfwinfo.vcxproj", "{0B105C0C-3EFC-3F18-B226-A923190449C6}"
	ProjectSection(ProjectDependencies) = postProject
		{47AFC20B-FF55-3890-8E9C-44066427938C} = {47AFC20B-FF55-3890-8E9C-44066427938C}
		{4CEDC8AB-0CFD-3AB1-B84C-152E0723A771} = {4CEDC8AB-0CFD-3AB1-B84C-152E0723A771}
	EndProjectSection
EndProject
Project("{8BC9CEB8-8B4A-11D0-8D11-00A0C91BC942}") = "heightmap", "examples\heightmap.vcxproj", "{4177632D-060F-370F-8F8A-803CA91EF0C2}"
	ProjectSection(ProjectDependencies) = postProject
		{47AFC20B-FF55-3890-8E9C-44066427938C} = {47AFC20B-FF55-3890-8E9C-44066427938C}
		{4CEDC8AB-0CFD-3AB1-B84C-152E0723A771} = {4CEDC8AB-0CFD-3AB1-B84C-152E0723A771}
	EndProjectSection
EndProject
Project("{8BC9CEB8-8B4A-11D0-8D11-00A0C91BC942}") = "icon", "tests\icon.vcxproj", "{6DDEACB4-F2A5-3667-9B76-4DAE0556A353}"
	ProjectSection(ProjectDependencies) = postProject
		{47AFC20B-FF55-3890-8E9C-44066427938C} = {47AFC20B-FF55-3890-8E9C-44066427938C}
		{4CEDC8AB-0CFD-3AB1-B84C-152E0723A771} = {4CEDC8AB-0CFD-3AB1-B84C-152E0723A771}
	EndProjectSection
EndProject
Project("{8BC9CEB8-8B4A-11D0-8D11-00A0C91BC942}") = "iconify", "tests\iconify.vcxproj", "{F9DF4ABC-9C1F-3A49-A5D2-EE695D60002E}"
	ProjectSection(ProjectDependencies) = postProject
		{47AFC20B-FF55-3890-8E9C-44066427938C} = {47AFC20B-FF55-3890-8E9C-44066427938C}
		{4CEDC8AB-0CFD-3AB1-B84C-152E0723A771} = {4CEDC8AB-0CFD-3AB1-B84C-152E0723A771}
	EndProjectSection
EndProject
Project("{8BC9CEB8-8B4A-11D0-8D11-00A0C91BC942}") = "inputlag", "tests\inputlag.vcxproj", "{6DF92B3F-FBA5-3386-93D1-B7F6ACCE8E59}"
	ProjectSection(ProjectDependencies) = postProject
		{47AFC20B-FF55-3890-8E9C-44066427938C} = {47AFC20B-FF55-3890-8E9C-44066427938C}
		{4CEDC8AB-0CFD-3AB1-B84C-152E0723A771} = {4CEDC8AB-0CFD-3AB1-B84C-152E0723A771}
	EndProjectSection
EndProject
Project("{8BC9CEB8-8B4A-11D0-8D11-00A0C91BC942}") = "joysticks", "tests\joysticks.vcxproj", "{314909C7-755D-349F-AC3A-23B87FDC3026}"
	ProjectSection(ProjectDependencies) = postProject
		{47AFC20B-FF55-3890-8E9C-44066427938C} = {47AFC20B-FF55-3890-8E9C-44066427938C}
		{4CEDC8AB-0CFD-3AB1-B84C-152E0723A771} = {4CEDC8AB-0CFD-3AB1-B84C-152E0723A771}
	EndProjectSection
EndProject
Project("{8BC9CEB8-8B4A-11D0-8D11-00A0C91BC942}") = "monitors", "tests\monitors.vcxproj", "{F0C0A00D-2E25-3ED0-8D18-AF530E706C32}"
	ProjectSection(ProjectDependencies) = postProject
		{47AFC20B-FF55-3890-8E9C-44066427938C} = {47AFC20B-FF55-3890-8E9C-44066427938C}
		{4CEDC8AB-0CFD-3AB1-B84C-152E0723A771} = {4CEDC8AB-0CFD-3AB1-B84C-152E0723A771}
	EndProjectSection
EndProject
Project("{8BC9CEB8-8B4A-11D0-8D11-00A0C91BC942}") = "msaa", "tests\msaa.vcxproj", "{FA5EAA61-A007-3887-95B2-C8DE9EFBC023}"
	ProjectSection(ProjectDependencies) = postProject
		{47AFC20B-FF55-3890-8E9C-44066427938C} = {47AFC20B-FF55-3890-8E9C-44066427938C}
		{4CEDC8AB-0CFD-3AB1-B84C-152E0723A771} = {4CEDC8AB-0CFD-3AB1-B84C-152E0723A771}
	EndProjectSection
EndProject
Project("{8BC9CEB8-8B4A-11D0-8D11-00A0C91BC942}") = "offscreen", "examples\offscreen.vcxproj", "{C0ACCCFF-833F-3A79-9345-50BBC71807C9}"
	ProjectSection(ProjectDependencies) = postProject
		{47AFC20B-FF55-3890-8E9C-44066427938C} = {47AFC20B-FF55-3890-8E9C-44066427938C}
		{4CEDC8AB-0CFD-3AB1-B84C-152E0723A771} = {4CEDC8AB-0CFD-3AB1-B84C-152E0723A771}
	EndProjectSection
EndProject
Project("{8BC9CEB8-8B4A-11D0-8D11-00A0C91BC942}") = "opacity", "tests\opacity.vcxproj", "{8F0417CC-E0AC-34AC-BC1D-CFF18DE61BF5}"
	ProjectSection(ProjectDependencies) = postProject
		{47AFC20B-FF55-3890-8E9C-44066427938C} = {47AFC20B-FF55-3890-8E9C-44066427938C}
		{4CEDC8AB-0CFD-3AB1-B84C-152E0723A771} = {4CEDC8AB-0CFD-3AB1-B84C-152E0723A771}
	EndProjectSection
EndProject
Project("{8BC9CEB8-8B4A-11D0-8D11-00A0C91BC942}") = "particles", "examples\particles.vcxproj", "{9D0231C9-1A1A-30D8-9C46-7314B25F44C7}"
	ProjectSection(ProjectDependencies) = postProject
		{47AFC20B-FF55-3890-8E9C-44066427938C} = {47AFC20B-FF55-3890-8E9C-44066427938C}
		{4CEDC8AB-0CFD-3AB1-B84C-152E0723A771} = {4CEDC8AB-0CFD-3AB1-B84C-152E0723A771}
	EndProjectSection
EndProject
Project("{8BC9CEB8-8B4A-11D0-8D11-00A0C91BC942}") = "reopen", "tests\reopen.vcxproj", "{7A7A0678-42DD-3E9A-BBA2-05F9641BC96F}"
	ProjectSection(ProjectDependencies) = postProject
		{47AFC20B-FF55-3890-8E9C-44066427938C} = {47AFC20B-FF55-3890-8E9C-44066427938C}
		{4CEDC8AB-0CFD-3AB1-B84C-152E0723A771} = {4CEDC8AB-0CFD-3AB1-B84C-152E0723A771}
	EndProjectSection
EndProject
Project("{8BC9CEB8-8B4A-11D0-8D11-00A0C91BC942}") = "sharing", "examples\sharing.vcxproj", "{C8038B05-DA6F-3162-A5CC-EF8BDF899402}"
	ProjectSection(ProjectDependencies) = postProject
		{47AFC20B-FF55-3890-8E9C-44066427938C} = {47AFC20B-FF55-3890-8E9C-44066427938C}
		{4CEDC8AB-0CFD-3AB1-B84C-152E0723A771} = {4CEDC8AB-0CFD-3AB1-B84C-152E0723A771}
	EndProjectSection
EndProject
Project("{8BC9CEB8-8B4A-11D0-8D11-00A0C91BC942}") = "simple", "examples\simple.vcxproj", "{785F76F9-8C1E-3D32-A253-BA5EFE14B008}"
	ProjectSection(ProjectDependencies) = postProject
		{47AFC20B-FF55-3890-8E9C-44066427938C} = {47AFC20B-FF55-3890-8E9C-44066427938C}
		{4CEDC8AB-0CFD-3AB1-B84C-152E0723A771} = {4CEDC8AB-0CFD-3AB1-B84C-152E0723A771}
	EndProjectSection
EndProject
Project("{8BC9CEB8-8B4A-11D0-8D11-00A0C91BC942}") = "splitview", "examples\splitview.vcxproj", "{E1E471D8-CB22-3B23-900B-9E10B5A46D12}"
	ProjectSection(ProjectDependencies) = postProject
		{47AFC20B-FF55-3890-8E9C-44066427938C} = {47AFC20B-FF55-3890-8E9C-44066427938C}
		{4CEDC8AB-0CFD-3AB1-B84C-152E0723A771} = {4CEDC8AB-0CFD-3AB1-B84C-152E0723A771}
	EndProjectSection
EndProject
Project("{8BC9CEB8-8B4A-11D0-8D11-00A0C91BC942}") = "tearing", "tests\tearing.vcxproj", "{1E9E3F96-A337-36DB-A055-B8FB3D90AD81}"
	ProjectSection(ProjectDependencies) = postProject
		{47AFC20B-FF55-3890-8E9C-44066427938C} = {47AFC20B-FF55-3890-8E9C-44066427938C}
		{4CEDC8AB-0CFD-3AB1-B84C-152E0723A771} = {4CEDC8AB-0CFD-3AB1-B84C-152E0723A771}
	EndProjectSection
EndProject
Project("{8BC9CEB8-8B4A-11D0-8D11-00A0C91BC942}") = "threads", "tests\threads.vcxproj", "{0E0F3FDE-B2AD-3D90-92D5-E0DE2F08D240}"
	ProjectSection(ProjectDependencies) = postProject
		{47AFC20B-FF55-3890-8E9C-44066427938C} = {47AFC20B-FF55-3890-8E9C-44066427938C}
		{4CEDC8AB-0CFD-3AB1-B84C-152E0723A771} = {4CEDC8AB-0CFD-3AB1-B84C-152E0723A771}
	EndProjectSection
EndProject
Project("{8BC9CEB8-8B4A-11D0-8D11-00A0C91BC942}") = "timeout", "tests\timeout.vcxproj", "{7AAC99AD-4E86-3CA4-A590-54B5BAADA298}"
	ProjectSection(ProjectDependencies) = postProject
		{47AFC20B-FF55-3890-8E9C-44066427938C} = {47AFC20B-FF55-3890-8E9C-44066427938C}
		{4CEDC8AB-0CFD-3AB1-B84C-152E0723A771} = {4CEDC8AB-0CFD-3AB1-B84C-152E0723A771}
	EndProjectSection
EndProject
Project("{8BC9CEB8-8B4A-11D0-8D11-00A0C91BC942}") = "title", "tests\title.vcxproj", "{3255EAD5-01A7-396C-8923-49B8B81BD7A2}"
	ProjectSection(ProjectDependencies) = postProject
		{47AFC20B-FF55-3890-8E9C-44066427938C} = {47AFC20B-FF55-3890-8E9C-44066427938C}
		{4CEDC8AB-0CFD-3AB1-B84C-152E0723A771} = {4CEDC8AB-0CFD-3AB1-B84C-152E0723A771}
	EndProjectSection
EndProject
Project("{8BC9CEB8-8B4A-11D0-8D11-00A0C91BC942}") = "uninstall", "uninstall.vcxproj", "{312E2C78-419E-347D-A1D6-822DD9F40890}"
	ProjectSection(ProjectDependencies) = postProject
		{47AFC20B-FF55-3890-8E9C-44066427938C} = {47AFC20B-FF55-3890-8E9C-44066427938C}
	EndProjectSection
EndProject
Project("{8BC9CEB8-8B4A-11D0-8D11-00A0C91BC942}") = "vulkan", "tests\vulkan.vcxproj", "{647723D9-4AC0-3454-AE77-DDF05D2FEEAB}"
	ProjectSection(ProjectDependencies) = postProject
		{47AFC20B-FF55-3890-8E9C-44066427938C} = {47AFC20B-FF55-3890-8E9C-44066427938C}
		{4CEDC8AB-0CFD-3AB1-B84C-152E0723A771} = {4CEDC8AB-0CFD-3AB1-B84C-152E0723A771}
	EndProjectSection
EndProject
Project("{8BC9CEB8-8B4A-11D0-8D11-00A0C91BC942}") = "wave", "examples\wave.vcxproj", "{9E8FDDC2-61F0-3F57-B972-5D7BB322E1C2}"
	ProjectSection(ProjectDependencies) = postProject
		{47AFC20B-FF55-3890-8E9C-44066427938C} = {47AFC20B-FF55-3890-8E9C-44066427938C}
		{4CEDC8AB-0CFD-3AB1-B84C-152E0723A771} = {4CEDC8AB-0CFD-3AB1-B84C-152E0723A771}
	EndProjectSection
EndProject
Project("{8BC9CEB8-8B4A-11D0-8D11-00A0C91BC942}") = "windows", "tests\windows.vcxproj", "{E2D1D1D5-8AFC-3FAA-B312-2492B956B503}"
	ProjectSection(ProjectDependencies) = postProject
		{47AFC20B-FF55-3890-8E9C-44066427938C} = {47AFC20B-FF55-3890-8E9C-44066427938C}
		{4CEDC8AB-0CFD-3AB1-B84C-152E0723A771} = {4CEDC8AB-0CFD-3AB1-B84C-152E0723A771}
	EndProjectSection
EndProject
Global
	GlobalSection(SolutionConfigurationPlatforms) = preSolution
		Debug|Win32 = Debug|Win32
		Release|Win32 = Release|Win32
		MinSizeRel|Win32 = MinSizeRel|Win32
		RelWithDebInfo|Win32 = RelWithDebInfo|Win32
	EndGlobalSection
	GlobalSection(ProjectConfigurationPlatforms) = postSolution
		{7B3BDCFE-F74D-3A8A-9666-1AE407482519}.Debug|Win32.ActiveCfg = Debug|Win32
		{7B3BDCFE-F74D-3A8A-9666-1AE407482519}.Debug|Win32.Build.0 = Debug|Win32
		{7B3BDCFE-F74D-3A8A-9666-1AE407482519}.Release|Win32.ActiveCfg = Release|Win32
		{7B3BDCFE-F74D-3A8A-9666-1AE407482519}.Release|Win32.Build.0 = Release|Win32
		{7B3BDCFE-F74D-3A8A-9666-1AE407482519}.MinSizeRel|Win32.ActiveCfg = MinSizeRel|Win32
		{7B3BDCFE-F74D-3A8A-9666-1AE407482519}.MinSizeRel|Win32.Build.0 = MinSizeRel|Win32
		{7B3BDCFE-F74D-3A8A-9666-1AE407482519}.RelWithDebInfo|Win32.ActiveCfg = RelWithDebInfo|Win32
		{7B3BDCFE-F74D-3A8A-9666-1AE407482519}.RelWithDebInfo|Win32.Build.0 = RelWithDebInfo|Win32
		{1728E2F5-109C-326B-A374-EFE245EC6E41}.Debug|Win32.ActiveCfg = Debug|Win32
		{1728E2F5-109C-326B-A374-EFE245EC6E41}.Release|Win32.ActiveCfg = Release|Win32
		{1728E2F5-109C-326B-A374-EFE245EC6E41}.MinSizeRel|Win32.ActiveCfg = MinSizeRel|Win32
		{1728E2F5-109C-326B-A374-EFE245EC6E41}.RelWithDebInfo|Win32.ActiveCfg = RelWithDebInfo|Win32
		{47AFC20B-FF55-3890-8E9C-44066427938C}.Debug|Win32.ActiveCfg = Debug|Win32
		{47AFC20B-FF55-3890-8E9C-44066427938C}.Debug|Win32.Build.0 = Debug|Win32
		{47AFC20B-FF55-3890-8E9C-44066427938C}.Release|Win32.ActiveCfg = Release|Win32
		{47AFC20B-FF55-3890-8E9C-44066427938C}.Release|Win32.Build.0 = Release|Win32
		{47AFC20B-FF55-3890-8E9C-44066427938C}.MinSizeRel|Win32.ActiveCfg = MinSizeRel|Win32
		{47AFC20B-FF55-3890-8E9C-44066427938C}.MinSizeRel|Win32.Build.0 = MinSizeRel|Win32
		{47AFC20B-FF55-3890-8E9C-44066427938C}.RelWithDebInfo|Win32.ActiveCfg = RelWithDebInfo|Win32
		{47AFC20B-FF55-3890-8E9C-44066427938C}.RelWithDebInfo|Win32.Build.0 = RelWithDebInfo|Win32
		{FEA4F80F-3596-379E-8B72-107EC0A51502}.Debug|Win32.ActiveCfg = Debug|Win32
		{FEA4F80F-3596-379E-8B72-107EC0A51502}.Debug|Win32.Build.0 = Debug|Win32
		{FEA4F80F-3596-379E-8B72-107EC0A51502}.Release|Win32.ActiveCfg = Release|Win32
		{FEA4F80F-3596-379E-8B72-107EC0A51502}.Release|Win32.Build.0 = Release|Win32
		{FEA4F80F-3596-379E-8B72-107EC0A51502}.MinSizeRel|Win32.ActiveCfg = MinSizeRel|Win32
		{FEA4F80F-3596-379E-8B72-107EC0A51502}.MinSizeRel|Win32.Build.0 = MinSizeRel|Win32
		{FEA4F80F-3596-379E-8B72-107EC0A51502}.RelWithDebInfo|Win32.ActiveCfg = RelWithDebInfo|Win32
		{FEA4F80F-3596-379E-8B72-107EC0A51502}.RelWithDebInfo|Win32.Build.0 = RelWithDebInfo|Win32
		{2C61F8F1-D778-3AC0-9406-A778010F715F}.Debug|Win32.ActiveCfg = Debug|Win32
		{2C61F8F1-D778-3AC0-9406-A778010F715F}.Debug|Win32.Build.0 = Debug|Win32
		{2C61F8F1-D778-3AC0-9406-A778010F715F}.Release|Win32.ActiveCfg = Release|Win32
		{2C61F8F1-D778-3AC0-9406-A778010F715F}.Release|Win32.Build.0 = Release|Win32
		{2C61F8F1-D778-3AC0-9406-A778010F715F}.MinSizeRel|Win32.ActiveCfg = MinSizeRel|Win32
		{2C61F8F1-D778-3AC0-9406-A778010F715F}.MinSizeRel|Win32.Build.0 = MinSizeRel|Win32
		{2C61F8F1-D778-3AC0-9406-A778010F715F}.RelWithDebInfo|Win32.ActiveCfg = RelWithDebInfo|Win32
		{2C61F8F1-D778-3AC0-9406-A778010F715F}.RelWithDebInfo|Win32.Build.0 = RelWithDebInfo|Win32
		{CAE8F20D-A821-3B4A-82D9-99DF08C5AFC7}.Debug|Win32.ActiveCfg = Debug|Win32
		{CAE8F20D-A821-3B4A-82D9-99DF08C5AFC7}.Debug|Win32.Build.0 = Debug|Win32
		{CAE8F20D-A821-3B4A-82D9-99DF08C5AFC7}.Release|Win32.ActiveCfg = Release|Win32
		{CAE8F20D-A821-3B4A-82D9-99DF08C5AFC7}.Release|Win32.Build.0 = Release|Win32
		{CAE8F20D-A821-3B4A-82D9-99DF08C5AFC7}.MinSizeRel|Win32.ActiveCfg = MinSizeRel|Win32
		{CAE8F20D-A821-3B4A-82D9-99DF08C5AFC7}.MinSizeRel|Win32.Build.0 = MinSizeRel|Win32
		{CAE8F20D-A821-3B4A-82D9-99DF08C5AFC7}.RelWithDebInfo|Win32.ActiveCfg = RelWithDebInfo|Win32
		{CAE8F20D-A821-3B4A-82D9-99DF08C5AFC7}.RelWithDebInfo|Win32.Build.0 = RelWithDebInfo|Win32
		{463060E2-DCF8-34C3-9947-42E4A03D9CD4}.Debug|Win32.ActiveCfg = Debug|Win32
		{463060E2-DCF8-34C3-9947-42E4A03D9CD4}.Debug|Win32.Build.0 = Debug|Win32
		{463060E2-DCF8-34C3-9947-42E4A03D9CD4}.Release|Win32.ActiveCfg = Release|Win32
		{463060E2-DCF8-34C3-9947-42E4A03D9CD4}.Release|Win32.Build.0 = Release|Win32
		{463060E2-DCF8-34C3-9947-42E4A03D9CD4}.MinSizeRel|Win32.ActiveCfg = MinSizeRel|Win32
		{463060E2-DCF8-34C3-9947-42E4A03D9CD4}.MinSizeRel|Win32.Build.0 = MinSizeRel|Win32
		{463060E2-DCF8-34C3-9947-42E4A03D9CD4}.RelWithDebInfo|Win32.ActiveCfg = RelWithDebInfo|Win32
		{463060E2-DCF8-34C3-9947-42E4A03D9CD4}.RelWithDebInfo|Win32.Build.0 = RelWithDebInfo|Win32
		{DCADA0F5-2539-395A-AF5A-9BB2A23FD6C4}.Debug|Win32.ActiveCfg = Debug|Win32
		{DCADA0F5-2539-395A-AF5A-9BB2A23FD6C4}.Debug|Win32.Build.0 = Debug|Win32
		{DCADA0F5-2539-395A-AF5A-9BB2A23FD6C4}.Release|Win32.ActiveCfg = Release|Win32
		{DCADA0F5-2539-395A-AF5A-9BB2A23FD6C4}.Release|Win32.Build.0 = Release|Win32
		{DCADA0F5-2539-395A-AF5A-9BB2A23FD6C4}.MinSizeRel|Win32.ActiveCfg = MinSizeRel|Win32
		{DCADA0F5-2539-395A-AF5A-9BB2A23FD6C4}.MinSizeRel|Win32.Build.0 = MinSizeRel|Win32
		{DCADA0F5-2539-395A-AF5A-9BB2A23FD6C4}.RelWithDebInfo|Win32.ActiveCfg = RelWithDebInfo|Win32
		{DCADA0F5-2539-395A-AF5A-9BB2A23FD6C4}.RelWithDebInfo|Win32.Build.0 = RelWithDebInfo|Win32
		{73CCE827-3729-37AA-AFBC-64862737B06E}.Debug|Win32.ActiveCfg = Debug|Win32
		{73CCE827-3729-37AA-AFBC-64862737B06E}.Debug|Win32.Build.0 = Debug|Win32
		{73CCE827-3729-37AA-AFBC-64862737B06E}.Release|Win32.ActiveCfg = Release|Win32
		{73CCE827-3729-37AA-AFBC-64862737B06E}.Release|Win32.Build.0 = Release|Win32
		{73CCE827-3729-37AA-AFBC-64862737B06E}.MinSizeRel|Win32.ActiveCfg = MinSizeRel|Win32
		{73CCE827-3729-37AA-AFBC-64862737B06E}.MinSizeRel|Win32.Build.0 = MinSizeRel|Win32
		{73CCE827-3729-37AA-AFBC-64862737B06E}.RelWithDebInfo|Win32.ActiveCfg = RelWithDebInfo|Win32
		{73CCE827-3729-37AA-AFBC-64862737B06E}.RelWithDebInfo|Win32.Build.0 = RelWithDebInfo|Win32
		{64BA2EC9-6FBB-3E03-85BD-8C7337A195CD}.Debug|Win32.ActiveCfg = Debug|Win32
		{64BA2EC9-6FBB-3E03-85BD-8C7337A195CD}.Debug|Win32.Build.0 = Debug|Win32
		{64BA2EC9-6FBB-3E03-85BD-8C7337A195CD}.Release|Win32.ActiveCfg = Release|Win32
		{64BA2EC9-6FBB-3E03-85BD-8C7337A195CD}.Release|Win32.Build.0 = Release|Win32
		{64BA2EC9-6FBB-3E03-85BD-8C7337A195CD}.MinSizeRel|Win32.ActiveCfg = MinSizeRel|Win32
		{64BA2EC9-6FBB-3E03-85BD-8C7337A195CD}.MinSizeRel|Win32.Build.0 = MinSizeRel|Win32
		{64BA2EC9-6FBB-3E03-85BD-8C7337A195CD}.RelWithDebInfo|Win32.ActiveCfg = RelWithDebInfo|Win32
		{64BA2EC9-6FBB-3E03-85BD-8C7337A195CD}.RelWithDebInfo|Win32.Build.0 = RelWithDebInfo|Win32
		{4CEDC8AB-0CFD-3AB1-B84C-152E0723A771}.Debug|Win32.ActiveCfg = Debug|Win32
		{4CEDC8AB-0CFD-3AB1-B84C-152E0723A771}.Debug|Win32.Build.0 = Debug|Win32
		{4CEDC8AB-0CFD-3AB1-B84C-152E0723A771}.Release|Win32.ActiveCfg = Release|Win32
		{4CEDC8AB-0CFD-3AB1-B84C-152E0723A771}.Release|Win32.Build.0 = Release|Win32
		{4CEDC8AB-0CFD-3AB1-B84C-152E0723A771}.MinSizeRel|Win32.ActiveCfg = MinSizeRel|Win32
		{4CEDC8AB-0CFD-3AB1-B84C-152E0723A771}.MinSizeRel|Win32.Build.0 = MinSizeRel|Win32
		{4CEDC8AB-0CFD-3AB1-B84C-152E0723A771}.RelWithDebInfo|Win32.ActiveCfg = RelWithDebInfo|Win32
		{4CEDC8AB-0CFD-3AB1-B84C-152E0723A771}.RelWithDebInfo|Win32.Build.0 = RelWithDebInfo|Win32
		{0B105C0C-3EFC-3F18-B226-A923190449C6}.Debug|Win32.ActiveCfg = Debug|Win32
		{0B105C0C-3EFC-3F18-B226-A923190449C6}.Debug|Win32.Build.0 = Debug|Win32
		{0B105C0C-3EFC-3F18-B226-A923190449C6}.Release|Win32.ActiveCfg = Release|Win32
		{0B105C0C-3EFC-3F18-B226-A923190449C6}.Release|Win32.Build.0 = Release|Win32
		{0B105C0C-3EFC-3F18-B226-A923190449C6}.MinSizeRel|Win32.ActiveCfg = MinSizeRel|Win32
		{0B105C0C-3EFC-3F18-B226-A923190449C6}.MinSizeRel|Win32.Build.0 = MinSizeRel|Win32
		{0B105C0C-3EFC-3F18-B226-A923190449C6}.RelWithDebInfo|Win32.ActiveCfg = RelWithDebInfo|Win32
		{0B105C0C-3EFC-3F18-B226-A923190449C6}.RelWithDebInfo|Win32.Build.0 = RelWithDebInfo|Win32
		{4177632D-060F-370F-8F8A-803CA91EF0C2}.Debug|Win32.ActiveCfg = Debug|Win32
		{4177632D-060F-370F-8F8A-803CA91EF0C2}.Debug|Win32.Build.0 = Debug|Win32
		{4177632D-060F-370F-8F8A-803CA91EF0C2}.Release|Win32.ActiveCfg = Release|Win32
		{4177632D-060F-370F-8F8A-803CA91EF0C2}.Release|Win32.Build.0 = Release|Win32
		{4177632D-060F-370F-8F8A-803CA91EF0C2}.MinSizeRel|Win32.ActiveCfg = MinSizeRel|Win32
		{4177632D-060F-370F-8F8A-803CA91EF0C2}.MinSizeRel|Win32.Build.0 = MinSizeRel|Win32
		{4177632D-060F-370F-8F8A-803CA91EF0C2}.RelWithDebInfo|Win32.ActiveCfg = RelWithDebInfo|Win32
		{4177632D-060F-370F-8F8A-803CA91EF0C2}.RelWithDebInfo|Win32.Build.0 = RelWithDebInfo|Win32
		{6DDEACB4-F2A5-3667-9B76-4DAE0556A353}.Debug|Win32.ActiveCfg = Debug|Win32
		{6DDEACB4-F2A5-3667-9B76-4DAE0556A353}.Debug|Win32.Build.0 = Debug|Win32
		{6DDEACB4-F2A5-3667-9B76-4DAE0556A353}.Release|Win32.ActiveCfg = Release|Win32
		{6DDEACB4-F2A5-3667-9B76-4DAE0556A353}.Release|Win32.Build.0 = Release|Win32
		{6DDEACB4-F2A5-3667-9B76-4DAE0556A353}.MinSizeRel|Win32.ActiveCfg = MinSizeRel|Win32
		{6DDEACB4-F2A5-3667-9B76-4DAE0556A353}.MinSizeRel|Win32.Build.0 = MinSizeRel|Win32
		{6DDEACB4-F2A5-3667-9B76-4DAE0556A353}.RelWithDebInfo|Win32.ActiveCfg = RelWithDebInfo|Win32
		{6DDEACB4-F2A5-3667-9B76-4DAE0556A353}.RelWithDebInfo|Win32.Build.0 = RelWithDebInfo|Win32
		{F9DF4ABC-9C1F-3A49-A5D2-EE695D60002E}.Debug|Win32.ActiveCfg = Debug|Win32
		{F9DF4ABC-9C1F-3A49-A5D2-EE695D60002E}.Debug|Win32.Build.0 = Debug|Win32
		{F9DF4ABC-9C1F-3A49-A5D2-EE695D60002E}.Release|Win32.ActiveCfg = Release|Win32
		{F9DF4ABC-9C1F-3A49-A5D2-EE695D60002E}.Release|Win32.Build.0 = Release|Win32
		{F9DF4ABC-9C1F-3A49-A5D2-EE695D60002E}.MinSizeRel|Win32.ActiveCfg = MinSizeRel|Win32
		{F9DF4ABC-9C1F-3A49-A5D2-EE695D60002E}.MinSizeRel|Win32.Build.0 = MinSizeRel|Win32
		{F9DF4ABC-9C1F-3A49-A5D2-EE695D60002E}.RelWithDebInfo|Win32.ActiveCfg = RelWithDebInfo|Win32
		{F9DF4ABC-9C1F-3A49-A5D2-EE695D60002E}.RelWithDebInfo|Win32.Build.0 = RelWithDebInfo|Win32
		{6DF92B3F-FBA5-3386-93D1-B7F6ACCE8E59}.Debug|Win32.ActiveCfg = Debug|Win32
		{6DF92B3F-FBA5-3386-93D1-B7F6ACCE8E59}.Debug|Win32.Build.0 = Debug|Win32
		{6DF92B3F-FBA5-3386-93D1-B7F6ACCE8E59}.Release|Win32.ActiveCfg = Release|Win32
		{6DF92B3F-FBA5-3386-93D1-B7F6ACCE8E59}.Release|Win32.Build.0 = Release|Win32
		{6DF92B3F-FBA5-3386-93D1-B7F6ACCE8E59}.MinSizeRel|Win32.ActiveCfg = MinSizeRel|Win32
		{6DF92B3F-FBA5-3386-93D1-B7F6ACCE8E59}.MinSizeRel|Win32.Build.0 = MinSizeRel|Win32
		{6DF92B3F-FBA5-3386-93D1-B7F6ACCE8E59}.RelWithDebInfo|Win32.ActiveCfg = RelWithDebInfo|Win32
		{6DF92B3F-FBA5-3386-93D1-B7F6ACCE8E59}.RelWithDebInfo|Win32.Build.0 = RelWithDebInfo|Win32
		{314909C7-755D-349F-AC3A-23B87FDC3026}.Debug|Win32.ActiveCfg = Debug|Win32
		{314909C7-755D-349F-AC3A-23B87FDC3026}.Debug|Win32.Build.0 = Debug|Win32
		{314909C7-755D-349F-AC3A-23B87FDC3026}.Release|Win32.ActiveCfg = Release|Win32
		{314909C7-755D-349F-AC3A-23B87FDC3026}.Release|Win32.Build.0 = Release|Win32
		{314909C7-755D-349F-AC3A-23B87FDC3026}.MinSizeRel|Win32.ActiveCfg = MinSizeRel|Win32
		{314909C7-755D-349F-AC3A-23B87FDC3026}.MinSizeRel|Win32.Build.0 = MinSizeRel|Win32
		{314909C7-755D-349F-AC3A-23B87FDC3026}.RelWithDebInfo|Win32.ActiveCfg = RelWithDebInfo|Win32
		{314909C7-755D-349F-AC3A-23B87FDC3026}.RelWithDebInfo|Win32.Build.0 = RelWithDebInfo|Win32
		{F0C0A00D-2E25-3ED0-8D18-AF530E706C32}.Debug|Win32.ActiveCfg = Debug|Win32
		{F0C0A00D-2E25-3ED0-8D18-AF530E706C32}.Debug|Win32.Build.0 = Debug|Win32
		{F0C0A00D-2E25-3ED0-8D18-AF530E706C32}.Release|Win32.ActiveCfg = Release|Win32
		{F0C0A00D-2E25-3ED0-8D18-AF530E706C32}.Release|Win32.Build.0 = Release|Win32
		{F0C0A00D-2E25-3ED0-8D18-AF530E706C32}.MinSizeRel|Win32.ActiveCfg = MinSizeRel|Win32
		{F0C0A00D-2E25-3ED0-8D18-AF530E706C32}.MinSizeRel|Win32.Build.0 = MinSizeRel|Win32
		{F0C0A00D-2E25-3ED0-8D18-AF530E706C32}.RelWithDebInfo|Win32.ActiveCfg = RelWithDebInfo|Win32
		{F0C0A00D-2E25-3ED0-8D18-AF530E706C32}.RelWithDebInfo|Win32.Build.0 = RelWithDebInfo|Win32
		{FA5EAA61-A007-3887-95B2-C8DE9EFBC023}.Debug|Win32.ActiveCfg = Debug|Win32
		{FA5EAA61-A007-3887-95B2-C8DE9EFBC023}.Debug|Win32.Build.0 = Debug|Win32
		{FA5EAA61-A007-3887-95B2-C8DE9EFBC023}.Release|Win32.ActiveCfg = Release|Win32
		{FA5EAA61-A007-3887-95B2-C8DE9EFBC023}.Release|Win32.Build.0 = Release|Win32
		{FA5EAA61-A007-3887-95B2-C8DE9EFBC023}.MinSizeRel|Win32.ActiveCfg = MinSizeRel|Win32
		{FA5EAA61-A007-3887-95B2-C8DE9EFBC023}.MinSizeRel|Win32.Build.0 = MinSizeRel|Win32
		{FA5EAA61-A007-3887-95B2-C8DE9EFBC023}.RelWithDebInfo|Win32.ActiveCfg = RelWithDebInfo|Win32
		{FA5EAA61-A007-3887-95B2-C8DE9EFBC023}.RelWithDebInfo|Win32.Build.0 = RelWithDebInfo|Win32
		{C0ACCCFF-833F-3A79-9345-50BBC71807C9}.Debug|Win32.ActiveCfg = Debug|Win32
		{C0ACCCFF-833F-3A79-9345-50BBC71807C9}.Debug|Win32.Build.0 = Debug|Win32
		{C0ACCCFF-833F-3A79-9345-50BBC71807C9}.Release|Win32.ActiveCfg = Release|Win32
		{C0ACCCFF-833F-3A79-9345-50BBC71807C9}.Release|Win32.Build.0 = Release|Win32
		{C0ACCCFF-833F-3A79-9345-50BBC71807C9}.MinSizeRel|Win32.ActiveCfg = MinSizeRel|Win32
		{C0ACCCFF-833F-3A79-9345-50BBC71807C9}.MinSizeRel|Win32.Build.0 = MinSizeRel|Win32
		{C0ACCCFF-833F-3A79-9345-50BBC71807C9}.RelWithDebInfo|Win32.ActiveCfg = RelWithDebInfo|Win32
		{C0ACCCFF-833F-3A79-9345-50BBC71807C9}.RelWithDebInfo|Win32.Build.0 = RelWithDebInfo|Win32
		{8F0417CC-E0AC-34AC-BC1D-CFF18DE61BF5}.Debug|Win32.ActiveCfg = Debug|Win32
		{8F0417CC-E0AC-34AC-BC1D-CFF18DE61BF5}.Debug|Win32.Build.0 = Debug|Win32
		{8F0417CC-E0AC-34AC-BC1D-CFF18DE61BF5}.Release|Win32.ActiveCfg = Release|Win32
		{8F0417CC-E0AC-34AC-BC1D-CFF18DE61BF5}.Release|Win32.Build.0 = Release|Win32
		{8F0417CC-E0AC-34AC-BC1D-CFF18DE61BF5}.MinSizeRel|Win32.ActiveCfg = MinSizeRel|Win32
		{8F0417CC-E0AC-34AC-BC1D-CFF18DE61BF5}.MinSizeRel|Win32.Build.0 = MinSizeRel|Win32
		{8F0417CC-E0AC-34AC-BC1D-CFF18DE61BF5}.RelWithDebInfo|Win32.ActiveCfg = RelWithDebInfo|Win32
		{8F0417CC-E0AC-34AC-BC1D-CFF18DE61BF5}.RelWithDebInfo|Win32.Build.0 = RelWithDebInfo|Win32
		{9D0231C9-1A1A-30D8-9C46-7314B25F44C7}.Debug|Win32.ActiveCfg = Debug|Win32
		{9D0231C9-1A1A-30D8-9C46-7314B25F44C7}.Debug|Win32.Build.0 = Debug|Win32
		{9D0231C9-1A1A-30D8-9C46-7314B25F44C7}.Release|Win32.ActiveCfg = Release|Win32
		{9D0231C9-1A1A-30D8-9C46-7314B25F44C7}.Release|Win32.Build.0 = Release|Win32
		{9D0231C9-1A1A-30D8-9C46-7314B25F44C7}.MinSizeRel|Win32.ActiveCfg = MinSizeRel|Win32
		{9D0231C9-1A1A-30D8-9C46-7314B25F44C7}.MinSizeRel|Win32.Build.0 = MinSizeRel|Win32
		{9D0231C9-1A1A-30D8-9C46-7314B25F44C7}.RelWithDebInfo|Win32.ActiveCfg = RelWithDebInfo|Win32
		{9D0231C9-1A1A-30D8-9C46-7314B25F44C7}.RelWithDebInfo|Win32.Build.0 = RelWithDebInfo|Win32
		{7A7A0678-42DD-3E9A-BBA2-05F9641BC96F}.Debug|Win32.ActiveCfg = Debug|Win32
		{7A7A0678-42DD-3E9A-BBA2-05F9641BC96F}.Debug|Win32.Build.0 = Debug|Win32
		{7A7A0678-42DD-3E9A-BBA2-05F9641BC96F}.Release|Win32.ActiveCfg = Release|Win32
		{7A7A0678-42DD-3E9A-BBA2-05F9641BC96F}.Release|Win32.Build.0 = Release|Win32
		{7A7A0678-42DD-3E9A-BBA2-05F9641BC96F}.MinSizeRel|Win32.ActiveCfg = MinSizeRel|Win32
		{7A7A0678-42DD-3E9A-BBA2-05F9641BC96F}.MinSizeRel|Win32.Build.0 = MinSizeRel|Win32
		{7A7A0678-42DD-3E9A-BBA2-05F9641BC96F}.RelWithDebInfo|Win32.ActiveCfg = RelWithDebInfo|Win32
		{7A7A0678-42DD-3E9A-BBA2-05F9641BC96F}.RelWithDebInfo|Win32.Build.0 = RelWithDebInfo|Win32
		{C8038B05-DA6F-3162-A5CC-EF8BDF899402}.Debug|Win32.ActiveCfg = Debug|Win32
		{C8038B05-DA6F-3162-A5CC-EF8BDF899402}.Debug|Win32.Build.0 = Debug|Win32
		{C8038B05-DA6F-3162-A5CC-EF8BDF899402}.Release|Win32.ActiveCfg = Release|Win32
		{C8038B05-DA6F-3162-A5CC-EF8BDF899402}.Release|Win32.Build.0 = Release|Win32
		{C8038B05-DA6F-3162-A5CC-EF8BDF899402}.MinSizeRel|Win32.ActiveCfg = MinSizeRel|Win32
		{C8038B05-DA6F-3162-A5CC-EF8BDF899402}.MinSizeRel|Win32.Build.0 = MinSizeRel|Win32
		{C8038B05-DA6F-3162-A5CC-EF8BDF899402}.RelWithDebInfo|Win32.ActiveCfg = RelWithDebInfo|Win32
		{C8038B05-DA6F-3162-A5CC-EF8BDF899402}.RelWithDebInfo|Win32.Build.0 = RelWithDebInfo|Win32
		{785F76F9-8C1E-3D32-A253-BA5EFE14B008}.Debug|Win32.ActiveCfg = Debug|Win32
		{785F76F9-8C1E-3D32-A253-BA5EFE14B008}.Debug|Win32.Build.0 = Debug|Win32
		{785F76F9-8C1E-3D32-A253-BA5EFE14B008}.Release|Win32.ActiveCfg = Release|Win32
		{785F76F9-8C1E-3D32-A253-BA5EFE14B008}.Release|Win32.Build.0 = Release|Win32
		{785F76F9-8C1E-3D32-A253-BA5EFE14B008}.MinSizeRel|Win32.ActiveCfg = MinSizeRel|Win32
		{785F76F9-8C1E-3D32-A253-BA5EFE14B008}.MinSizeRel|Win32.Build.0 = MinSizeRel|Win32
		{785F76F9-8C1E-3D32-A253-BA5EFE14B008}.RelWithDebInfo|Win32.ActiveCfg = RelWithDebInfo|Win32
		{785F76F9-8C1E-3D32-A253-BA5EFE14B008}.RelWithDebInfo|Win32.Build.0 = RelWithDebInfo|Win32
		{E1E471D8-CB22-3B23-900B-9E10B5A46D12}.Debug|Win32.ActiveCfg = Debug|Win32
		{E1E471D8-CB22-3B23-900B-9E10B5A46D12}.Debug|Win32.Build.0 = Debug|Win32
		{E1E471D8-CB22-3B23-900B-9E10B5A46D12}.Release|Win32.ActiveCfg = Release|Win32
		{E1E471D8-CB22-3B23-900B-9E10B5A46D12}.Release|Win32.Build.0 = Release|Win32
		{E1E471D8-CB22-3B23-900B-9E10B5A46D12}.MinSizeRel|Win32.ActiveCfg = MinSizeRel|Win32
		{E1E471D8-CB22-3B23-900B-9E10B5A46D12}.MinSizeRel|Win32.Build.0 = MinSizeRel|Win32
		{E1E471D8-CB22-3B23-900B-9E10B5A46D12}.RelWithDebInfo|Win32.ActiveCfg = RelWithDebInfo|Win32
		{E1E471D8-CB22-3B23-900B-9E10B5A46D12}.RelWithDebInfo|Win32.Build.0 = RelWithDebInfo|Win32
		{1E9E3F96-A337-36DB-A055-B8FB3D90AD81}.Debug|Win32.ActiveCfg = Debug|Win32
		{1E9E3F96-A337-36DB-A055-B8FB3D90AD81}.Debug|Win32.Build.0 = Debug|Win32
		{1E9E3F96-A337-36DB-A055-B8FB3D90AD81}.Release|Win32.ActiveCfg = Release|Win32
		{1E9E3F96-A337-36DB-A055-B8FB3D90AD81}.Release|Win32.Build.0 = Release|Win32
		{1E9E3F96-A337-36DB-A055-B8FB3D90AD81}.MinSizeRel|Win32.ActiveCfg = MinSizeRel|Win32
		{1E9E3F96-A337-36DB-A055-B8FB3D90AD81}.MinSizeRel|Win32.Build.0 = MinSizeRel|Win32
		{1E9E3F96-A337-36DB-A055-B8FB3D90AD81}.RelWithDebInfo|Win32.ActiveCfg = RelWithDebInfo|Win32
		{1E9E3F96-A337-36DB-A055-B8FB3D90AD81}.RelWithDebInfo|Win32.Build.0 = RelWithDebInfo|Win32
		{0E0F3FDE-B2AD-3D90-92D5-E0DE2F08D240}.Debug|Win32.ActiveCfg = Debug|Win32
		{0E0F3FDE-B2AD-3D90-92D5-E0DE2F08D240}.Debug|Win32.Build.0 = Debug|Win32
		{0E0F3FDE-B2AD-3D90-92D5-E0DE2F08D240}.Release|Win32.ActiveCfg = Release|Win32
		{0E0F3FDE-B2AD-3D90-92D5-E0DE2F08D240}.Release|Win32.Build.0 = Release|Win32
		{0E0F3FDE-B2AD-3D90-92D5-E0DE2F08D240}.MinSizeRel|Win32.ActiveCfg = MinSizeRel|Win32
		{0E0F3FDE-B2AD-3D90-92D5-E0DE2F08D240}.MinSizeRel|Win32.Build.0 = MinSizeRel|Win32
		{0E0F3FDE-B2AD-3D90-92D5-E0DE2F08D240}.RelWithDebInfo|Win32.ActiveCfg = RelWithDebInfo|Win32
		{0E0F3FDE-B2AD-3D90-92D5-E0DE2F08D240}.RelWithDebInfo|Win32.Build.0 = RelWithDebInfo|Win32
		{7AAC99AD-4E86-3CA4-A590-54B5BAADA298}.Debug|Win32.ActiveCfg = Debug|Win32
		{7AAC99AD-4E86-3CA4-A590-54B5BAADA298}.Debug|Win32.Build.0 = Debug|Win32
		{7AAC99AD-4E86-3CA4-A590-54B5BAADA298}.Release|Win32.ActiveCfg = Release|Win32
		{7AAC99AD-4E86-3CA4-A590-54B5BAADA298}.Release|Win32.Build.0 = Release|Win32
		{7AAC99AD-4E86-3CA4-A590-54B5BAADA298}.MinSizeRel|Win32.ActiveCfg = MinSizeRel|Win32
		{7AAC99AD-4E86-3CA4-A590-54B5BAADA298}.MinSizeRel|Win32.Build.0 = MinSizeRel|Win32
		{7AAC99AD-4E86-3CA4-A590-54B5BAADA298}.RelWithDebInfo|Win32.ActiveCfg = RelWithDebInfo|Win32
		{7AAC99AD-4E86-3CA4-A590-54B5BAADA298}.RelWithDebInfo|Win32.Build.0 = RelWithDebInfo|Win32
		{3255EAD5-01A7-396C-8923-49B8B81BD7A2}.Debug|Win32.ActiveCfg = Debug|Win32
		{3255EAD5-01A7-396C-8923-49B8B81BD7A2}.Debug|Win32.Build.0 = Debug|Win32
		{3255EAD5-01A7-396C-8923-49B8B81BD7A2}.Release|Win32.ActiveCfg = Release|Win32
		{3255EAD5-01A7-396C-8923-49B8B81BD7A2}.Release|Win32.Build.0 = Release|Win32
		{3255EAD5-01A7-396C-8923-49B8B81BD7A2}.MinSizeRel|Win32.ActiveCfg = MinSizeRel|Win32
		{3255EAD5-01A7-396C-8923-49B8B81BD7A2}.MinSizeRel|Win32.Build.0 = MinSizeRel|Win32
		{3255EAD5-01A7-396C-8923-49B8B81BD7A2}.RelWithDebInfo|Win32.ActiveCfg = RelWithDebInfo|Win32
		{3255EAD5-01A7-396C-8923-49B8B81BD7A2}.RelWithDebInfo|Win32.Build.0 = RelWithDebInfo|Win32
		{312E2C78-419E-347D-A1D6-822DD9F40890}.Debug|Win32.ActiveCfg = Debug|Win32
		{312E2C78-419E-347D-A1D6-822DD9F40890}.Release|Win32.ActiveCfg = Release|Win32
		{312E2C78-419E-347D-A1D6-822DD9F40890}.MinSizeRel|Win32.ActiveCfg = MinSizeRel|Win32
		{312E2C78-419E-347D-A1D6-822DD9F40890}.RelWithDebInfo|Win32.ActiveCfg = RelWithDebInfo|Win32
		{647723D9-4AC0-3454-AE77-DDF05D2FEEAB}.Debug|Win32.ActiveCfg = Debug|Win32
		{647723D9-4AC0-3454-AE77-DDF05D2FEEAB}.Debug|Win32.Build.0 = Debug|Win32
		{647723D9-4AC0-3454-AE77-DDF05D2FEEAB}.Release|Win32.ActiveCfg = Release|Win32
		{647723D9-4AC0-3454-AE77-DDF05D2FEEAB}.Release|Win32.Build.0 = Release|Win32
		{647723D9-4AC0-3454-AE77-DDF05D2FEEAB}.MinSizeRel|Win32.ActiveCfg = MinSizeRel|Win32
		{647723D9-4AC0-3454-AE77-DDF05D2FEEAB}.MinSizeRel|Win32.Build.0 = MinSizeRel|Win32
		{647723D9-4AC0-3454-AE77-DDF05D2FEEAB}.RelWithDebInfo|Win32.ActiveCfg = RelWithDebInfo|Win32
		{647723D9-4AC0-3454-AE77-DDF05D2FEEAB}.RelWithDebInfo|Win32.Build.0 = RelWithDebInfo|Win32
		{9E8FDDC2-61F0-3F57-B972-5D7BB322E1C2}.Debug|Win32.ActiveCfg = Debug|Win32
		{9E8FDDC2-61F0-3F57-B972-5D7BB322E1C2}.Debug|Win32.Build.0 = Debug|Win32
		{9E8FDDC2-61F0-3F57-B972-5D7BB322E1C2}.Release|Win32.ActiveCfg = Release|Win32
		{9E8FDDC2-61F0-3F57-B972-5D7BB322E1C2}.Release|Win32.Build.0 = Release|Win32
		{9E8FDDC2-61F0-3F57-B972-5D7BB322E1C2}.MinSizeRel|Win32.ActiveCfg = MinSizeRel|Win32
		{9E8FDDC2-61F0-3F57-B972-5D7BB322E1C2}.MinSizeRel|Win32.Build.0 = MinSizeRel|Win32
		{9E8FDDC2-61F0-3F57-B972-5D7BB322E1C2}.RelWithDebInfo|Win32.ActiveCfg = RelWithDebInfo|Win32
		{9E8FDDC2-61F0-3F57-B972-5D7BB322E1C2}.RelWithDebInfo|Win32.Build.0 = RelWithDebInfo|Win32
		{E2D1D1D5-8AFC-3FAA-B312-2492B956B503}.Debug|Win32.ActiveCfg = Debug|Win32
		{E2D1D1D5-8AFC-3FAA-B312-2492B956B503}.Debug|Win32.Build.0 = Debug|Win32
		{E2D1D1D5-8AFC-3FAA-B312-2492B956B503}.Release|Win32.ActiveCfg = Release|Win32
		{E2D1D1D5-8AFC-3FAA-B312-2492B956B503}.Release|Win32.Build.0 = Release|Win32
		{E2D1D1D5-8AFC-3FAA-B312-2492B956B503}.MinSizeRel|Win32.ActiveCfg = MinSizeRel|Win32
		{E2D1D1D5-8AFC-3FAA-B312-2492B956B503}.MinSizeRel|Win32.Build.0 = MinSizeRel|Win32
		{E2D1D1D5-8AFC-3FAA-B312-2492B956B503}.RelWithDebInfo|Win32.ActiveCfg = RelWithDebInfo|Win32
		{E2D1D1D5-8AFC-3FAA-B312-2492B956B503}.RelWithDebInfo|Win32.Build.0 = RelWithDebInfo|Win32
	EndGlobalSection
	GlobalSection(NestedProjects) = preSolution
		{7B3BDCFE-F74D-3A8A-9666-1AE407482519} = {39C0FA0C-7B0A-315B-A0D2-97CF3C2C94C2}
		{1728E2F5-109C-326B-A374-EFE245EC6E41} = {39C0FA0C-7B0A-315B-A0D2-97CF3C2C94C2}
		{47AFC20B-FF55-3890-8E9C-44066427938C} = {39C0FA0C-7B0A-315B-A0D2-97CF3C2C94C2}
		{33968ECE-239A-33E1-8CF1-49FCA9170B56} = {3DB148D2-90BD-3822-AA1B-FC02C020199E}
		{904FDE7A-91A7-38A1-A089-F97F8AB7D153} = {3DB148D2-90BD-3822-AA1B-FC02C020199E}
		{4CEDC8AB-0CFD-3AB1-B84C-152E0723A771} = {3DB148D2-90BD-3822-AA1B-FC02C020199E}
		{312E2C78-419E-347D-A1D6-822DD9F40890} = {3DB148D2-90BD-3822-AA1B-FC02C020199E}
		{FEA4F80F-3596-379E-8B72-107EC0A51502} = {33968ECE-239A-33E1-8CF1-49FCA9170B56}
		{64BA2EC9-6FBB-3E03-85BD-8C7337A195CD} = {33968ECE-239A-33E1-8CF1-49FCA9170B56}
		{4177632D-060F-370F-8F8A-803CA91EF0C2} = {33968ECE-239A-33E1-8CF1-49FCA9170B56}
		{C0ACCCFF-833F-3A79-9345-50BBC71807C9} = {33968ECE-239A-33E1-8CF1-49FCA9170B56}
		{9D0231C9-1A1A-30D8-9C46-7314B25F44C7} = {33968ECE-239A-33E1-8CF1-49FCA9170B56}
		{C8038B05-DA6F-3162-A5CC-EF8BDF899402} = {33968ECE-239A-33E1-8CF1-49FCA9170B56}
		{785F76F9-8C1E-3D32-A253-BA5EFE14B008} = {33968ECE-239A-33E1-8CF1-49FCA9170B56}
		{E1E471D8-CB22-3B23-900B-9E10B5A46D12} = {33968ECE-239A-33E1-8CF1-49FCA9170B56}
		{9E8FDDC2-61F0-3F57-B972-5D7BB322E1C2} = {33968ECE-239A-33E1-8CF1-49FCA9170B56}
		{2C61F8F1-D778-3AC0-9406-A778010F715F} = {904FDE7A-91A7-38A1-A089-F97F8AB7D153}
		{CAE8F20D-A821-3B4A-82D9-99DF08C5AFC7} = {904FDE7A-91A7-38A1-A089-F97F8AB7D153}
		{463060E2-DCF8-34C3-9947-42E4A03D9CD4} = {904FDE7A-91A7-38A1-A089-F97F8AB7D153}
		{DCADA0F5-2539-395A-AF5A-9BB2A23FD6C4} = {904FDE7A-91A7-38A1-A089-F97F8AB7D153}
		{73CCE827-3729-37AA-AFBC-64862737B06E} = {904FDE7A-91A7-38A1-A089-F97F8AB7D153}
		{0B105C0C-3EFC-3F18-B226-A923190449C6} = {904FDE7A-91A7-38A1-A089-F97F8AB7D153}
		{6DDEACB4-F2A5-3667-9B76-4DAE0556A353} = {904FDE7A-91A7-38A1-A089-F97F8AB7D153}
		{F9DF4ABC-9C1F-3A49-A5D2-EE695D60002E} = {904FDE7A-91A7-38A1-A089-F97F8AB7D153}
		{6DF92B3F-FBA5-3386-93D1-B7F6ACCE8E59} = {904FDE7A-91A7-38A1-A089-F97F8AB7D153}
		{314909C7-755D-349F-AC3A-23B87FDC3026} = {904FDE7A-91A7-38A1-A089-F97F8AB7D153}
		{F0C0A00D-2E25-3ED0-8D18-AF530E706C32} = {904FDE7A-91A7-38A1-A089-F97F8AB7D153}
		{FA5EAA61-A007-3887-95B2-C8DE9EFBC023} = {904FDE7A-91A7-38A1-A089-F97F8AB7D153}
		{8F0417CC-E0AC-34AC-BC1D-CFF18DE61BF5} = {904FDE7A-91A7-38A1-A089-F97F8AB7D153}
		{7A7A0678-42DD-3E9A-BBA2-05F9641BC96F} = {904FDE7A-91A7-38A1-A089-F97F8AB7D153}
		{1E9E3F96-A337-36DB-A055-B8FB3D90AD81} = {904FDE7A-91A7-38A1-A089-F97F8AB7D153}
		{0E0F3FDE-B2AD-3D90-92D5-E0DE2F08D240} = {904FDE7A-91A7-38A1-A089-F97F8AB7D153}
		{7AAC99AD-4E86-3CA4-A590-54B5BAADA298} = {904FDE7A-91A7-38A1-A089-F97F8AB7D153}
		{3255EAD5-01A7-396C-8923-49B8B81BD7A2} = {904FDE7A-91A7-38A1-A089-F97F8AB7D153}
		{647723D9-4AC0-3454-AE77-DDF05D2FEEAB} = {904FDE7A-91A7-38A1-A089-F97F8AB7D153}
		{E2D1D1D5-8AFC-3FAA-B312-2492B956B503} = {904FDE7A-91A7-38A1-A089-F97F8AB7D153}
	EndGlobalSection
	GlobalSection(ExtensibilityGlobals) = postSolution
		SolutionGuid = {EA0E2035-6B8A-325A-97FB-E4F405DF1338}
	EndGlobalSection
	GlobalSection(ExtensibilityAddIns) = postSolution
	EndGlobalSection
EndGlobal
